
Microsoft Visual Studio Solution File, Format Version 12.00
# Visual Studio Version 17
VisualStudioVersion = 17.9.34616.47
MinimumVisualStudioVersion = 10.0.40219.1
Project("{FAE04EC0-301F-11D3-BF4B-00C04F79EFBC}") = "EkstaraAraclar", "EkstaraAraclar\EkstaraAraclar.csproj", "{1A8A8F59-DDC4-48EE-B4F2-A497F08AAB95}"
EndProject
Global
	GlobalSection(SolutionConfigurationPlatforms) = preSolution
		Debug|Any CPU = Debug|Any CPU
		Release|Any CPU = Release|Any CPU
	EndGlobalSection
	GlobalSection(ProjectConfigurationPlatforms) = postSolution
		{1A8A8F59-DDC4-48EE-B4F2-A497F08AAB95}.Debug|Any CPU.ActiveCfg = Debug|Any CPU
		{1A8A8F59-DDC4-48EE-B4F2-A497F08AAB95}.Debug|Any CPU.Build.0 = Debug|Any CPU
		{1A8A8F59-DDC4-48EE-B4F2-A497F08AAB95}.Release|Any CPU.ActiveCfg = Release|Any CPU
		{1A8A8F59-DDC4-48EE-B4F2-A497F08AAB95}.Release|Any CPU.Build.0 = Release|Any CPU
	EndGlobalSection
	GlobalSection(SolutionProperties) = preSolution
		HideSolutionNode = FALSE
	EndGlobalSection
	GlobalSection(ExtensibilityGlobals) = postSolution
		SolutionGuid = {1CAB45D2-5F10-4185-A68C-AE507FA517A3}
	EndGlobalSection
EndGlobal
