
Microsoft Visual Studio Solution File, Format Version 12.00
# Visual Studio Version 17
VisualStudioVersion = 17.9.34616.47
MinimumVisualStudioVersion = 10.0.40219.1
Project("{FAE04EC0-301F-11D3-BF4B-00C04F79EFBC}") = "DosyaIslemleri", "DosyaIslemleri\DosyaIslemleri.csproj", "{29C9A920-BEA8-40A9-8733-6E9BF669A7A0}"
EndProject
Global
	GlobalSection(SolutionConfigurationPlatforms) = preSolution
		Debug|Any CPU = Debug|Any CPU
		Release|Any CPU = Release|Any CPU
	EndGlobalSection
	GlobalSection(ProjectConfigurationPlatforms) = postSolution
		{29C9A920-BEA8-40A9-8733-6E9BF669A7A0}.Debug|Any CPU.ActiveCfg = Debug|Any CPU
		{29C9A920-BEA8-40A9-8733-6E9BF669A7A0}.Debug|Any CPU.Build.0 = Debug|Any CPU
		{29C9A920-BEA8-40A9-8733-6E9BF669A7A0}.Release|Any CPU.ActiveCfg = Release|Any CPU
		{29C9A920-BEA8-40A9-8733-6E9BF669A7A0}.Release|Any CPU.Build.0 = Release|Any CPU
	EndGlobalSection
	GlobalSection(SolutionProperties) = preSolution
		HideSolutionNode = FALSE
	EndGlobalSection
	GlobalSection(ExtensibilityGlobals) = postSolution
		SolutionGuid = {E4D4F7D9-82F0-4169-A3CF-97F5A905BB5B}
	EndGlobalSection
EndGlobal
